
Microsoft Visual Studio Solution File, Format Version 12.00
# Visual Studio Version 17
VisualStudioVersion = 17.10.35013.160
MinimumVisualStudioVersion = 10.0.40219.1
Project("{FAE04EC0-301F-11D3-BF4B-00C04F79EFBC}") = "MSlearn01", "MSlearn01\MSlearn01.csproj", "{474E6C81-E5A9-47E4-BA52-16B679BB2CE1}"
EndProject
Global
	GlobalSection(SolutionConfigurationPlatforms) = preSolution
		Debug|Any CPU = Debug|Any CPU
		Release|Any CPU = Release|Any CPU
	EndGlobalSection
	GlobalSection(ProjectConfigurationPlatforms) = postSolution
		{474E6C81-E5A9-47E4-BA52-16B679BB2CE1}.Debug|Any CPU.ActiveCfg = Debug|Any CPU
		{474E6C81-E5A9-47E4-BA52-16B679BB2CE1}.Debug|Any CPU.Build.0 = Debug|Any CPU
		{474E6C81-E5A9-47E4-BA52-16B679BB2CE1}.Release|Any CPU.ActiveCfg = Release|Any CPU
		{474E6C81-E5A9-47E4-BA52-16B679BB2CE1}.Release|Any CPU.Build.0 = Release|Any CPU
	EndGlobalSection
	GlobalSection(SolutionProperties) = preSolution
		HideSolutionNode = FALSE
	EndGlobalSection
	GlobalSection(ExtensibilityGlobals) = postSolution
		SolutionGuid = {C9143359-8947-401E-A5B4-21AE245306BB}
	EndGlobalSection
EndGlobal
